{
  "name": "npm-fixo",
  "version": "1.1.0",
  "lockfileVersion": 2,
  "requires": true,
  "packages": {
    "": {
      "name": "npm-fixo",
      "version": "1.1.0",
      "license": "MIT",
      "bin": {
        "npm-fixo": "bin/npm-fixo.js"
      },
      "engines": {
        "node": ">=14"
      }
    }
  }
}
